// !$*UTF8*$!
{
	archiveVersion = 1;
	classes = {
	};
	objectVersion = 52;
	objects = {

/* Begin PBXBuildFile section */
		170A6C3226AAA04600C7D53E /* JapanWeeklySummaryView.swift in Sources */ = {isa = PBXBuildFile; fileRef = 170A6C3126AAA04600C7D53E /* JapanWeeklySummaryView.swift */; };
		170A6C3626AAA91600C7D53E /* JapanDaylySummaryView.swift in Sources */ = {isa = PBXBuildFile; fileRef = 170A6C3526AAA91600C7D53E /* JapanDaylySummaryView.swift */; };
		170A6C3826AAE97900C7D53E /* HeaderView.swift in Sources */ = {isa = PBXBuildFile; fileRef = 170A6C3726AAE97900C7D53E /* HeaderView.swift */; };
		1717592526AD1E9E0014146E /* CoreLocation.framework in Frameworks */ = {isa = PBXBuildFile; fileRef = 1717592426AD1E9E0014146E /* CoreLocation.framework */; };
		1720FE1926ABE61300C8C947 /* AreaPickerView.swift in Sources */ = {isa = PBXBuildFile; fileRef = 1720FE1826ABE61300C8C947 /* AreaPickerView.swift */; };
		17518DE426A9CA6100C9465F /* JapanViewModel.swift in Sources */ = {isa = PBXBuildFile; fileRef = 17518DE326A9CA6100C9465F /* JapanViewModel.swift */; };
		17518DE726AA646800C9465F /* JapanDashboard.swift in Sources */ = {isa = PBXBuildFile; fileRef = 17518DE626AA646800C9465F /* JapanDashboard.swift */; };
		17726BDF26B007C20079E7F7 /* OtherDashboard.swift in Sources */ = {isa = PBXBuildFile; fileRef = 17726BDE26B007C20079E7F7 /* OtherDashboard.swift */; };
		17726BE226B008050079E7F7 /* OtherMonthlySummaryView.swift in Sources */ = {isa = PBXBuildFile; fileRef = 17726BE126B008050079E7F7 /* OtherMonthlySummaryView.swift */; };
		17726BE426B008180079E7F7 /* OtherWeeklySummaryView.swift in Sources */ = {isa = PBXBuildFile; fileRef = 17726BE326B008180079E7F7 /* OtherWeeklySummaryView.swift */; };
		17726BE626B008270079E7F7 /* OtherDailySummaryView.swift in Sources */ = {isa = PBXBuildFile; fileRef = 17726BE526B008270079E7F7 /* OtherDailySummaryView.swift */; };
		17726BE826B008A70079E7F7 /* OtherViewModel.swift in Sources */ = {isa = PBXBuildFile; fileRef = 17726BE726B008A70079E7F7 /* OtherViewModel.swift */; };
		17780B0926A742F200DC5FD4 /* LocalMonthlySummaryView.swift in Sources */ = {isa = PBXBuildFile; fileRef = 17780B0826A742F200DC5FD4 /* LocalMonthlySummaryView.swift */; };
		17780B0B26A7511500DC5FD4 /* JapanMonthlySummaryView.swift in Sources */ = {isa = PBXBuildFile; fileRef = 17780B0A26A7511500DC5FD4 /* JapanMonthlySummaryView.swift */; };
		1797A5DE26A5279100680A03 /* OsakaCoronaApp.swift in Sources */ = {isa = PBXBuildFile; fileRef = 1797A5DD26A5279100680A03 /* OsakaCoronaApp.swift */; };
		1797A5E026A5279100680A03 /* ContentView.swift in Sources */ = {isa = PBXBuildFile; fileRef = 1797A5DF26A5279100680A03 /* ContentView.swift */; };
		1797A5E226A5279100680A03 /* Assets.xcassets in Resources */ = {isa = PBXBuildFile; fileRef = 1797A5E126A5279100680A03 /* Assets.xcassets */; };
		1797A5E526A5279100680A03 /* Preview Assets.xcassets in Resources */ = {isa = PBXBuildFile; fileRef = 1797A5E426A5279100680A03 /* Preview Assets.xcassets */; };
		1797A5F026A5279200680A03 /* OsakaCoronaTests.swift in Sources */ = {isa = PBXBuildFile; fileRef = 1797A5EF26A5279200680A03 /* OsakaCoronaTests.swift */; };
		1797A5FB26A5279200680A03 /* OsakaCoronaUITests.swift in Sources */ = {isa = PBXBuildFile; fileRef = 1797A5FA26A5279200680A03 /* OsakaCoronaUITests.swift */; };
		1797A60A26A527A200680A03 /* SwiftUICharts in Frameworks */ = {isa = PBXBuildFile; productRef = 1797A60926A527A200680A03 /* SwiftUICharts */; };
		1797A60C26A5282200680A03 /* LocalViewModel.swift in Sources */ = {isa = PBXBuildFile; fileRef = 1797A60B26A5282200680A03 /* LocalViewModel.swift */; };
		1797A60E26A5282E00680A03 /* DataModel.swift in Sources */ = {isa = PBXBuildFile; fileRef = 1797A60D26A5282E00680A03 /* DataModel.swift */; };
		1797A61026A5287F00680A03 /* LocalDashboard.swift in Sources */ = {isa = PBXBuildFile; fileRef = 1797A60F26A5287F00680A03 /* LocalDashboard.swift */; };
		17EC20F026AE493900CF825A /* AreaNameDict.swift in Sources */ = {isa = PBXBuildFile; fileRef = 17EC20EF26AE493900CF825A /* AreaNameDict.swift */; };
		17EC20F226AE9F7100CF825A /* LocationViewModel.swift in Sources */ = {isa = PBXBuildFile; fileRef = 17EC20F126AE9F7100CF825A /* LocationViewModel.swift */; };
		17F9DFD026A8883000D8270C /* LocalWeeklySummaryView.swift in Sources */ = {isa = PBXBuildFile; fileRef = 17F9DFCF26A8883000D8270C /* LocalWeeklySummaryView.swift */; };
		17F9DFD226A888C800D8270C /* LocalDailySummaryView.swift in Sources */ = {isa = PBXBuildFile; fileRef = 17F9DFD126A888C800D8270C /* LocalDailySummaryView.swift */; };
/* End PBXBuildFile section */

/* Begin PBXContainerItemProxy section */
		1797A5EC26A5279200680A03 /* PBXContainerItemProxy */ = {
			isa = PBXContainerItemProxy;
			containerPortal = 1797A5D226A5279100680A03 /* Project object */;
			proxyType = 1;
			remoteGlobalIDString = 1797A5D926A5279100680A03;
			remoteInfo = OsakaCorona;
		};
		1797A5F726A5279200680A03 /* PBXContainerItemProxy */ = {
			isa = PBXContainerItemProxy;
			containerPortal = 1797A5D226A5279100680A03 /* Project object */;
			proxyType = 1;
			remoteGlobalIDString = 1797A5D926A5279100680A03;
			remoteInfo = OsakaCorona;
		};
/* End PBXContainerItemProxy section */

/* Begin PBXFileReference section */
		170A6C3126AAA04600C7D53E /* JapanWeeklySummaryView.swift */ = {isa = PBXFileReference; lastKnownFileType = sourcecode.swift; path = JapanWeeklySummaryView.swift; sourceTree = "<group>"; };
		170A6C3526AAA91600C7D53E /* JapanDaylySummaryView.swift */ = {isa = PBXFileReference; lastKnownFileType = sourcecode.swift; path = JapanDaylySummaryView.swift; sourceTree = "<group>"; };
		170A6C3726AAE97900C7D53E /* HeaderView.swift */ = {isa = PBXFileReference; lastKnownFileType = sourcecode.swift; path = HeaderView.swift; sourceTree = "<group>"; };
		1717592426AD1E9E0014146E /* CoreLocation.framework */ = {isa = PBXFileReference; lastKnownFileType = wrapper.framework; name = CoreLocation.framework; path = System/Library/Frameworks/CoreLocation.framework; sourceTree = SDKROOT; };
		1720FE1826ABE61300C8C947 /* AreaPickerView.swift */ = {isa = PBXFileReference; lastKnownFileType = sourcecode.swift; path = AreaPickerView.swift; sourceTree = "<group>"; };
		17518DE326A9CA6100C9465F /* JapanViewModel.swift */ = {isa = PBXFileReference; lastKnownFileType = sourcecode.swift; path = JapanViewModel.swift; sourceTree = "<group>"; };
		17518DE626AA646800C9465F /* JapanDashboard.swift */ = {isa = PBXFileReference; lastKnownFileType = sourcecode.swift; path = JapanDashboard.swift; sourceTree = "<group>"; };
		17726BDE26B007C20079E7F7 /* OtherDashboard.swift */ = {isa = PBXFileReference; lastKnownFileType = sourcecode.swift; path = OtherDashboard.swift; sourceTree = "<group>"; };
		17726BE126B008050079E7F7 /* OtherMonthlySummaryView.swift */ = {isa = PBXFileReference; lastKnownFileType = sourcecode.swift; path = OtherMonthlySummaryView.swift; sourceTree = "<group>"; };
		17726BE326B008180079E7F7 /* OtherWeeklySummaryView.swift */ = {isa = PBXFileReference; lastKnownFileType = sourcecode.swift; path = OtherWeeklySummaryView.swift; sourceTree = "<group>"; };
		17726BE526B008270079E7F7 /* OtherDailySummaryView.swift */ = {isa = PBXFileReference; lastKnownFileType = sourcecode.swift; path = OtherDailySummaryView.swift; sourceTree = "<group>"; };
		17726BE726B008A70079E7F7 /* OtherViewModel.swift */ = {isa = PBXFileReference; lastKnownFileType = sourcecode.swift; path = OtherViewModel.swift; sourceTree = "<group>"; };
		17780B0826A742F200DC5FD4 /* LocalMonthlySummaryView.swift */ = {isa = PBXFileReference; lastKnownFileType = sourcecode.swift; path = LocalMonthlySummaryView.swift; sourceTree = "<group>"; };
		17780B0A26A7511500DC5FD4 /* JapanMonthlySummaryView.swift */ = {isa = PBXFileReference; lastKnownFileType = sourcecode.swift; path = JapanMonthlySummaryView.swift; sourceTree = "<group>"; };
		1797A5DA26A5279100680A03 /* OsakaCorona.app */ = {isa = PBXFileReference; explicitFileType = wrapper.application; includeInIndex = 0; path = OsakaCorona.app; sourceTree = BUILT_PRODUCTS_DIR; };
		1797A5DD26A5279100680A03 /* OsakaCoronaApp.swift */ = {isa = PBXFileReference; lastKnownFileType = sourcecode.swift; path = OsakaCoronaApp.swift; sourceTree = "<group>"; };
		1797A5DF26A5279100680A03 /* ContentView.swift */ = {isa = PBXFileReference; lastKnownFileType = sourcecode.swift; path = ContentView.swift; sourceTree = "<group>"; };
		1797A5E126A5279100680A03 /* Assets.xcassets */ = {isa = PBXFileReference; lastKnownFileType = folder.assetcatalog; path = Assets.xcassets; sourceTree = "<group>"; };
		1797A5E426A5279100680A03 /* Preview Assets.xcassets */ = {isa = PBXFileReference; lastKnownFileType = folder.assetcatalog; path = "Preview Assets.xcassets"; sourceTree = "<group>"; };
		1797A5E626A5279100680A03 /* Info.plist */ = {isa = PBXFileReference; lastKnownFileType = text.plist.xml; path = Info.plist; sourceTree = "<group>"; };
		1797A5EB26A5279100680A03 /* OsakaCoronaTests.xctest */ = {isa = PBXFileReference; explicitFileType = wrapper.cfbundle; includeInIndex = 0; path = OsakaCoronaTests.xctest; sourceTree = BUILT_PRODUCTS_DIR; };
		1797A5EF26A5279200680A03 /* OsakaCoronaTests.swift */ = {isa = PBXFileReference; lastKnownFileType = sourcecode.swift; path = OsakaCoronaTests.swift; sourceTree = "<group>"; };
		1797A5F126A5279200680A03 /* Info.plist */ = {isa = PBXFileReference; lastKnownFileType = text.plist.xml; path = Info.plist; sourceTree = "<group>"; };
		1797A5F626A5279200680A03 /* OsakaCoronaUITests.xctest */ = {isa = PBXFileReference; explicitFileType = wrapper.cfbundle; includeInIndex = 0; path = OsakaCoronaUITests.xctest; sourceTree = BUILT_PRODUCTS_DIR; };
		1797A5FA26A5279200680A03 /* OsakaCoronaUITests.swift */ = {isa = PBXFileReference; lastKnownFileType = sourcecode.swift; path = OsakaCoronaUITests.swift; sourceTree = "<group>"; };
		1797A5FC26A5279200680A03 /* Info.plist */ = {isa = PBXFileReference; lastKnownFileType = text.plist.xml; path = Info.plist; sourceTree = "<group>"; };
		1797A60B26A5282200680A03 /* LocalViewModel.swift */ = {isa = PBXFileReference; lastKnownFileType = sourcecode.swift; path = LocalViewModel.swift; sourceTree = "<group>"; };
		1797A60D26A5282E00680A03 /* DataModel.swift */ = {isa = PBXFileReference; lastKnownFileType = sourcecode.swift; path = DataModel.swift; sourceTree = "<group>"; };
		1797A60F26A5287F00680A03 /* LocalDashboard.swift */ = {isa = PBXFileReference; lastKnownFileType = sourcecode.swift; path = LocalDashboard.swift; sourceTree = "<group>"; };
		17EC20EF26AE493900CF825A /* AreaNameDict.swift */ = {isa = PBXFileReference; lastKnownFileType = sourcecode.swift; path = AreaNameDict.swift; sourceTree = "<group>"; };
		17EC20F126AE9F7100CF825A /* LocationViewModel.swift */ = {isa = PBXFileReference; lastKnownFileType = sourcecode.swift; path = LocationViewModel.swift; sourceTree = "<group>"; };
		17F9DFCF26A8883000D8270C /* LocalWeeklySummaryView.swift */ = {isa = PBXFileReference; lastKnownFileType = sourcecode.swift; path = LocalWeeklySummaryView.swift; sourceTree = "<group>"; };
		17F9DFD126A888C800D8270C /* LocalDailySummaryView.swift */ = {isa = PBXFileReference; lastKnownFileType = sourcecode.swift; path = LocalDailySummaryView.swift; sourceTree = "<group>"; };
/* End PBXFileReference section */

/* Begin PBXFrameworksBuildPhase section */
		1797A5D726A5279100680A03 /* Frameworks */ = {
			isa = PBXFrameworksBuildPhase;
			buildActionMask = 2147483647;
			files = (
				1717592526AD1E9E0014146E /* CoreLocation.framework in Frameworks */,
				1797A60A26A527A200680A03 /* SwiftUICharts in Frameworks */,
			);
			runOnlyForDeploymentPostprocessing = 0;
		};
		1797A5E826A5279100680A03 /* Frameworks */ = {
			isa = PBXFrameworksBuildPhase;
			buildActionMask = 2147483647;
			files = (
			);
			runOnlyForDeploymentPostprocessing = 0;
		};
		1797A5F326A5279200680A03 /* Frameworks */ = {
			isa = PBXFrameworksBuildPhase;
			buildActionMask = 2147483647;
			files = (
			);
			runOnlyForDeploymentPostprocessing = 0;
		};
/* End PBXFrameworksBuildPhase section */

/* Begin PBXGroup section */
		170A6C3326AAA0A600C7D53E /* LocalCharts */ = {
			isa = PBXGroup;
			children = (
				1797A60F26A5287F00680A03 /* LocalDashboard.swift */,
				17780B0826A742F200DC5FD4 /* LocalMonthlySummaryView.swift */,
				17F9DFCF26A8883000D8270C /* LocalWeeklySummaryView.swift */,
				17F9DFD126A888C800D8270C /* LocalDailySummaryView.swift */,
			);
			path = LocalCharts;
			sourceTree = "<group>";
		};
		170A6C3426AAA0D800C7D53E /* JapanCharts */ = {
			isa = PBXGroup;
			children = (
				17518DE626AA646800C9465F /* JapanDashboard.swift */,
				17780B0A26A7511500DC5FD4 /* JapanMonthlySummaryView.swift */,
				170A6C3126AAA04600C7D53E /* JapanWeeklySummaryView.swift */,
				170A6C3526AAA91600C7D53E /* JapanDaylySummaryView.swift */,
			);
			path = JapanCharts;
			sourceTree = "<group>";
		};
		1717592326AD1E9E0014146E /* Frameworks */ = {
			isa = PBXGroup;
			children = (
				1717592426AD1E9E0014146E /* CoreLocation.framework */,
			);
			name = Frameworks;
			sourceTree = "<group>";
		};
		1720FE1C26ABF3A900C8C947 /* Views */ = {
			isa = PBXGroup;
			children = (
				1797A5DF26A5279100680A03 /* ContentView.swift */,
				170A6C3726AAE97900C7D53E /* HeaderView.swift */,
				1720FE1826ABE61300C8C947 /* AreaPickerView.swift */,
				170A6C3426AAA0D800C7D53E /* JapanCharts */,
				170A6C3326AAA0A600C7D53E /* LocalCharts */,
				17726BE026B007C90079E7F7 /* OtherCharts */,
			);
			path = Views;
			sourceTree = "<group>";
		};
		17518DE526A9DF1800C9465F /* ViewModels */ = {
			isa = PBXGroup;
			children = (
				17EC20F126AE9F7100CF825A /* LocationViewModel.swift */,
				17518DE326A9CA6100C9465F /* JapanViewModel.swift */,
				1797A60B26A5282200680A03 /* LocalViewModel.swift */,
				17726BE726B008A70079E7F7 /* OtherViewModel.swift */,
			);
			path = ViewModels;
			sourceTree = "<group>";
		};
		17726BE026B007C90079E7F7 /* OtherCharts */ = {
			isa = PBXGroup;
			children = (
				17726BDE26B007C20079E7F7 /* OtherDashboard.swift */,
				17726BE126B008050079E7F7 /* OtherMonthlySummaryView.swift */,
				17726BE326B008180079E7F7 /* OtherWeeklySummaryView.swift */,
				17726BE526B008270079E7F7 /* OtherDailySummaryView.swift */,
			);
			path = OtherCharts;
			sourceTree = "<group>";
		};
		1797A5D126A5279100680A03 = {
			isa = PBXGroup;
			children = (
				1797A5DC26A5279100680A03 /* OsakaCorona */,
				1797A5EE26A5279200680A03 /* OsakaCoronaTests */,
				1797A5F926A5279200680A03 /* OsakaCoronaUITests */,
				1797A5DB26A5279100680A03 /* Products */,
				1717592326AD1E9E0014146E /* Frameworks */,
			);
			sourceTree = "<group>";
		};
		1797A5DB26A5279100680A03 /* Products */ = {
			isa = PBXGroup;
			children = (
				1797A5DA26A5279100680A03 /* OsakaCorona.app */,
				1797A5EB26A5279100680A03 /* OsakaCoronaTests.xctest */,
				1797A5F626A5279200680A03 /* OsakaCoronaUITests.xctest */,
			);
			name = Products;
			sourceTree = "<group>";
		};
		1797A5DC26A5279100680A03 /* OsakaCorona */ = {
			isa = PBXGroup;
			children = (
				1797A5DD26A5279100680A03 /* OsakaCoronaApp.swift */,
				17EC20EC26ADADE700CF825A /* Models */,
				17518DE526A9DF1800C9465F /* ViewModels */,
				1720FE1C26ABF3A900C8C947 /* Views */,
				1797A5E126A5279100680A03 /* Assets.xcassets */,
				1797A5E626A5279100680A03 /* Info.plist */,
				1797A5E326A5279100680A03 /* Preview Content */,
			);
			path = OsakaCorona;
			sourceTree = "<group>";
		};
		1797A5E326A5279100680A03 /* Preview Content */ = {
			isa = PBXGroup;
			children = (
				1797A5E426A5279100680A03 /* Preview Assets.xcassets */,
			);
			path = "Preview Content";
			sourceTree = "<group>";
		};
		1797A5EE26A5279200680A03 /* OsakaCoronaTests */ = {
			isa = PBXGroup;
			children = (
				1797A5EF26A5279200680A03 /* OsakaCoronaTests.swift */,
				1797A5F126A5279200680A03 /* Info.plist */,
			);
			path = OsakaCoronaTests;
			sourceTree = "<group>";
		};
		1797A5F926A5279200680A03 /* OsakaCoronaUITests */ = {
			isa = PBXGroup;
			children = (
				1797A5FA26A5279200680A03 /* OsakaCoronaUITests.swift */,
				1797A5FC26A5279200680A03 /* Info.plist */,
			);
			path = OsakaCoronaUITests;
			sourceTree = "<group>";
		};
		17EC20EC26ADADE700CF825A /* Models */ = {
			isa = PBXGroup;
			children = (
				1797A60D26A5282E00680A03 /* DataModel.swift */,
				17EC20EF26AE493900CF825A /* AreaNameDict.swift */,
			);
			path = Models;
			sourceTree = "<group>";
		};
/* End PBXGroup section */

/* Begin PBXNativeTarget section */
		1797A5D926A5279100680A03 /* OsakaCorona */ = {
			isa = PBXNativeTarget;
			buildConfigurationList = 1797A5FF26A5279200680A03 /* Build configuration list for PBXNativeTarget "OsakaCorona" */;
			buildPhases = (
				1797A5D626A5279100680A03 /* Sources */,
				1797A5D726A5279100680A03 /* Frameworks */,
				1797A5D826A5279100680A03 /* Resources */,
			);
			buildRules = (
			);
			dependencies = (
			);
			name = OsakaCorona;
			packageProductDependencies = (
				1797A60926A527A200680A03 /* SwiftUICharts */,
			);
			productName = OsakaCorona;
			productReference = 1797A5DA26A5279100680A03 /* OsakaCorona.app */;
			productType = "com.apple.product-type.application";
		};
		1797A5EA26A5279100680A03 /* OsakaCoronaTests */ = {
			isa = PBXNativeTarget;
			buildConfigurationList = 1797A60226A5279200680A03 /* Build configuration list for PBXNativeTarget "OsakaCoronaTests" */;
			buildPhases = (
				1797A5E726A5279100680A03 /* Sources */,
				1797A5E826A5279100680A03 /* Frameworks */,
				1797A5E926A5279100680A03 /* Resources */,
			);
			buildRules = (
			);
			dependencies = (
				1797A5ED26A5279200680A03 /* PBXTargetDependency */,
			);
			name = OsakaCoronaTests;
			productName = OsakaCoronaTests;
			productReference = 1797A5EB26A5279100680A03 /* OsakaCoronaTests.xctest */;
			productType = "com.apple.product-type.bundle.unit-test";
		};
		1797A5F526A5279200680A03 /* OsakaCoronaUITests */ = {
			isa = PBXNativeTarget;
			buildConfigurationList = 1797A60526A5279200680A03 /* Build configuration list for PBXNativeTarget "OsakaCoronaUITests" */;
			buildPhases = (
				1797A5F226A5279200680A03 /* Sources */,
				1797A5F326A5279200680A03 /* Frameworks */,
				1797A5F426A5279200680A03 /* Resources */,
			);
			buildRules = (
			);
			dependencies = (
				1797A5F826A5279200680A03 /* PBXTargetDependency */,
			);
			name = OsakaCoronaUITests;
			productName = OsakaCoronaUITests;
			productReference = 1797A5F626A5279200680A03 /* OsakaCoronaUITests.xctest */;
			productType = "com.apple.product-type.bundle.ui-testing";
		};
/* End PBXNativeTarget section */

/* Begin PBXProject section */
		1797A5D226A5279100680A03 /* Project object */ = {
			isa = PBXProject;
			attributes = {
				LastSwiftUpdateCheck = 1250;
				LastUpgradeCheck = 1250;
				TargetAttributes = {
					1797A5D926A5279100680A03 = {
						CreatedOnToolsVersion = 12.5.1;
					};
					1797A5EA26A5279100680A03 = {
						CreatedOnToolsVersion = 12.5.1;
						TestTargetID = 1797A5D926A5279100680A03;
					};
					1797A5F526A5279200680A03 = {
						CreatedOnToolsVersion = 12.5.1;
						TestTargetID = 1797A5D926A5279100680A03;
					};
				};
			};
			buildConfigurationList = 1797A5D526A5279100680A03 /* Build configuration list for PBXProject "OsakaCorona" */;
			compatibilityVersion = "Xcode 9.3";
			developmentRegion = en;
			hasScannedForEncodings = 0;
			knownRegions = (
				en,
				Base,
			);
			mainGroup = 1797A5D126A5279100680A03;
			packageReferences = (
				1797A60826A527A200680A03 /* XCRemoteSwiftPackageReference "chartview" */,
			);
			productRefGroup = 1797A5DB26A5279100680A03 /* Products */;
			projectDirPath = "";
			projectRoot = "";
			targets = (
				1797A5D926A5279100680A03 /* OsakaCorona */,
				1797A5EA26A5279100680A03 /* OsakaCoronaTests */,
				1797A5F526A5279200680A03 /* OsakaCoronaUITests */,
			);
		};
/* End PBXProject section */

/* Begin PBXResourcesBuildPhase section */
		1797A5D826A5279100680A03 /* Resources */ = {
			isa = PBXResourcesBuildPhase;
			buildActionMask = 2147483647;
			files = (
				1797A5E526A5279100680A03 /* Preview Assets.xcassets in Resources */,
				1797A5E226A5279100680A03 /* Assets.xcassets in Resources */,
			);
			runOnlyForDeploymentPostprocessing = 0;
		};
		1797A5E926A5279100680A03 /* Resources */ = {
			isa = PBXResourcesBuildPhase;
			buildActionMask = 2147483647;
			files = (
			);
			runOnlyForDeploymentPostprocessing = 0;
		};
		1797A5F426A5279200680A03 /* Resources */ = {
			isa = PBXResourcesBuildPhase;
			buildActionMask = 2147483647;
			files = (
			);
			runOnlyForDeploymentPostprocessing = 0;
		};
/* End PBXResourcesBuildPhase section */

/* Begin PBXSourcesBuildPhase section */
		1797A5D626A5279100680A03 /* Sources */ = {
			isa = PBXSourcesBuildPhase;
			buildActionMask = 2147483647;
			files = (
				17780B0926A742F200DC5FD4 /* LocalMonthlySummaryView.swift in Sources */,
				17F9DFD226A888C800D8270C /* LocalDailySummaryView.swift in Sources */,
				170A6C3626AAA91600C7D53E /* JapanDaylySummaryView.swift in Sources */,
				1797A60C26A5282200680A03 /* LocalViewModel.swift in Sources */,
				170A6C3226AAA04600C7D53E /* JapanWeeklySummaryView.swift in Sources */,
				17726BE826B008A70079E7F7 /* OtherViewModel.swift in Sources */,
				17518DE726AA646800C9465F /* JapanDashboard.swift in Sources */,
				17518DE426A9CA6100C9465F /* JapanViewModel.swift in Sources */,
				17726BE426B008180079E7F7 /* OtherWeeklySummaryView.swift in Sources */,
				17726BE226B008050079E7F7 /* OtherMonthlySummaryView.swift in Sources */,
				1797A61026A5287F00680A03 /* LocalDashboard.swift in Sources */,
				17780B0B26A7511500DC5FD4 /* JapanMonthlySummaryView.swift in Sources */,
				17EC20F026AE493900CF825A /* AreaNameDict.swift in Sources */,
				17F9DFD026A8883000D8270C /* LocalWeeklySummaryView.swift in Sources */,
				1720FE1926ABE61300C8C947 /* AreaPickerView.swift in Sources */,
				1797A60E26A5282E00680A03 /* DataModel.swift in Sources */,
				17726BE626B008270079E7F7 /* OtherDailySummaryView.swift in Sources */,
				1797A5E026A5279100680A03 /* ContentView.swift in Sources */,
				1797A5DE26A5279100680A03 /* OsakaCoronaApp.swift in Sources */,
				17726BDF26B007C20079E7F7 /* OtherDashboard.swift in Sources */,
				17EC20F226AE9F7100CF825A /* LocationViewModel.swift in Sources */,
				170A6C3826AAE97900C7D53E /* HeaderView.swift in Sources */,
			);
			runOnlyForDeploymentPostprocessing = 0;
		};
		1797A5E726A5279100680A03 /* Sources */ = {
			isa = PBXSourcesBuildPhase;
			buildActionMask = 2147483647;
			files = (
				1797A5F026A5279200680A03 /* OsakaCoronaTests.swift in Sources */,
			);
			runOnlyForDeploymentPostprocessing = 0;
		};
		1797A5F226A5279200680A03 /* Sources */ = {
			isa = PBXSourcesBuildPhase;
			buildActionMask = 2147483647;
			files = (
				1797A5FB26A5279200680A03 /* OsakaCoronaUITests.swift in Sources */,
			);
			runOnlyForDeploymentPostprocessing = 0;
		};
/* End PBXSourcesBuildPhase section */

/* Begin PBXTargetDependency section */
		1797A5ED26A5279200680A03 /* PBXTargetDependency */ = {
			isa = PBXTargetDependency;
			target = 1797A5D926A5279100680A03 /* OsakaCorona */;
			targetProxy = 1797A5EC26A5279200680A03 /* PBXContainerItemProxy */;
		};
		1797A5F826A5279200680A03 /* PBXTargetDependency */ = {
			isa = PBXTargetDependency;
			target = 1797A5D926A5279100680A03 /* OsakaCorona */;
			targetProxy = 1797A5F726A5279200680A03 /* PBXContainerItemProxy */;
		};
/* End PBXTargetDependency section */

/* Begin XCBuildConfiguration section */
		1797A5FD26A5279200680A03 /* Debug */ = {
			isa = XCBuildConfiguration;
			buildSettings = {
				ALWAYS_SEARCH_USER_PATHS = NO;
				CLANG_ANALYZER_NONNULL = YES;
				CLANG_ANALYZER_NUMBER_OBJECT_CONVERSION = YES_AGGRESSIVE;
				CLANG_CXX_LANGUAGE_STANDARD = "gnu++14";
				CLANG_CXX_LIBRARY = "libc++";
				CLANG_ENABLE_MODULES = YES;
				CLANG_ENABLE_OBJC_ARC = YES;
				CLANG_ENABLE_OBJC_WEAK = YES;
				CLANG_WARN_BLOCK_CAPTURE_AUTORELEASING = YES;
				CLANG_WARN_BOOL_CONVERSION = YES;
				CLANG_WARN_COMMA = YES;
				CLANG_WARN_CONSTANT_CONVERSION = YES;
				CLANG_WARN_DEPRECATED_OBJC_IMPLEMENTATIONS = YES;
				CLANG_WARN_DIRECT_OBJC_ISA_USAGE = YES_ERROR;
				CLANG_WARN_DOCUMENTATION_COMMENTS = YES;
				CLANG_WARN_EMPTY_BODY = YES;
				CLANG_WARN_ENUM_CONVERSION = YES;
				CLANG_WARN_INFINITE_RECURSION = YES;
				CLANG_WARN_INT_CONVERSION = YES;
				CLANG_WARN_NON_LITERAL_NULL_CONVERSION = YES;
				CLANG_WARN_OBJC_IMPLICIT_RETAIN_SELF = YES;
				CLANG_WARN_OBJC_LITERAL_CONVERSION = YES;
				CLANG_WARN_OBJC_ROOT_CLASS = YES_ERROR;
				CLANG_WARN_QUOTED_INCLUDE_IN_FRAMEWORK_HEADER = YES;
				CLANG_WARN_RANGE_LOOP_ANALYSIS = YES;
				CLANG_WARN_STRICT_PROTOTYPES = YES;
				CLANG_WARN_SUSPICIOUS_MOVE = YES;
				CLANG_WARN_UNGUARDED_AVAILABILITY = YES_AGGRESSIVE;
				CLANG_WARN_UNREACHABLE_CODE = YES;
				CLANG_WARN__DUPLICATE_METHOD_MATCH = YES;
				COPY_PHASE_STRIP = NO;
				DEBUG_INFORMATION_FORMAT = dwarf;
				ENABLE_STRICT_OBJC_MSGSEND = YES;
				ENABLE_TESTABILITY = YES;
				GCC_C_LANGUAGE_STANDARD = gnu11;
				GCC_DYNAMIC_NO_PIC = NO;
				GCC_NO_COMMON_BLOCKS = YES;
				GCC_OPTIMIZATION_LEVEL = 0;
				GCC_PREPROCESSOR_DEFINITIONS = (
					"DEBUG=1",
					"$(inherited)",
				);
				GCC_WARN_64_TO_32_BIT_CONVERSION = YES;
				GCC_WARN_ABOUT_RETURN_TYPE = YES_ERROR;
				GCC_WARN_UNDECLARED_SELECTOR = YES;
				GCC_WARN_UNINITIALIZED_AUTOS = YES_AGGRESSIVE;
				GCC_WARN_UNUSED_FUNCTION = YES;
				GCC_WARN_UNUSED_VARIABLE = YES;
				IPHONEOS_DEPLOYMENT_TARGET = 14.1;
				MTL_ENABLE_DEBUG_INFO = INCLUDE_SOURCE;
				MTL_FAST_MATH = YES;
				ONLY_ACTIVE_ARCH = YES;
				SDKROOT = iphoneos;
				SWIFT_ACTIVE_COMPILATION_CONDITIONS = DEBUG;
				SWIFT_OPTIMIZATION_LEVEL = "-Onone";
			};
			name = Debug;
		};
		1797A5FE26A5279200680A03 /* Release */ = {
			isa = XCBuildConfiguration;
			buildSettings = {
				ALWAYS_SEARCH_USER_PATHS = NO;
				CLANG_ANALYZER_NONNULL = YES;
				CLANG_ANALYZER_NUMBER_OBJECT_CONVERSION = YES_AGGRESSIVE;
				CLANG_CXX_LANGUAGE_STANDARD = "gnu++14";
				CLANG_CXX_LIBRARY = "libc++";
				CLANG_ENABLE_MODULES = YES;
				CLANG_ENABLE_OBJC_ARC = YES;
				CLANG_ENABLE_OBJC_WEAK = YES;
				CLANG_WARN_BLOCK_CAPTURE_AUTORELEASING = YES;
				CLANG_WARN_BOOL_CONVERSION = YES;
				CLANG_WARN_COMMA = YES;
				CLANG_WARN_CONSTANT_CONVERSION = YES;
				CLANG_WARN_DEPRECATED_OBJC_IMPLEMENTATIONS = YES;
				CLANG_WARN_DIRECT_OBJC_ISA_USAGE = YES_ERROR;
				CLANG_WARN_DOCUMENTATION_COMMENTS = YES;
				CLANG_WARN_EMPTY_BODY = YES;
				CLANG_WARN_ENUM_CONVERSION = YES;
				CLANG_WARN_INFINITE_RECURSION = YES;
				CLANG_WARN_INT_CONVERSION = YES;
				CLANG_WARN_NON_LITERAL_NULL_CONVERSION = YES;
				CLANG_WARN_OBJC_IMPLICIT_RETAIN_SELF = YES;
				CLANG_WARN_OBJC_LITERAL_CONVERSION = YES;
				CLANG_WARN_OBJC_ROOT_CLASS = YES_ERROR;
				CLANG_WARN_QUOTED_INCLUDE_IN_FRAMEWORK_HEADER = YES;
				CLANG_WARN_RANGE_LOOP_ANALYSIS = YES;
				CLANG_WARN_STRICT_PROTOTYPES = YES;
				CLANG_WARN_SUSPICIOUS_MOVE = YES;
				CLANG_WARN_UNGUARDED_AVAILABILITY = YES_AGGRESSIVE;
				CLANG_WARN_UNREACHABLE_CODE = YES;
				CLANG_WARN__DUPLICATE_METHOD_MATCH = YES;
				COPY_PHASE_STRIP = NO;
				DEBUG_INFORMATION_FORMAT = "dwarf-with-dsym";
				ENABLE_NS_ASSERTIONS = NO;
				ENABLE_STRICT_OBJC_MSGSEND = YES;
				GCC_C_LANGUAGE_STANDARD = gnu11;
				GCC_NO_COMMON_BLOCKS = YES;
				GCC_WARN_64_TO_32_BIT_CONVERSION = YES;
				GCC_WARN_ABOUT_RETURN_TYPE = YES_ERROR;
				GCC_WARN_UNDECLARED_SELECTOR = YES;
				GCC_WARN_UNINITIALIZED_AUTOS = YES_AGGRESSIVE;
				GCC_WARN_UNUSED_FUNCTION = YES;
				GCC_WARN_UNUSED_VARIABLE = YES;
				IPHONEOS_DEPLOYMENT_TARGET = 14.1;
				MTL_ENABLE_DEBUG_INFO = NO;
				MTL_FAST_MATH = YES;
				SDKROOT = iphoneos;
				SWIFT_COMPILATION_MODE = wholemodule;
				SWIFT_OPTIMIZATION_LEVEL = "-O";
				VALIDATE_PRODUCT = YES;
			};
			name = Release;
		};
		1797A60026A5279200680A03 /* Debug */ = {
			isa = XCBuildConfiguration;
			buildSettings = {
				ASSETCATALOG_COMPILER_APPICON_NAME = AppIcon;
				ASSETCATALOG_COMPILER_GLOBAL_ACCENT_COLOR_NAME = AccentColor;
				CODE_SIGN_STYLE = Automatic;
				DEVELOPMENT_ASSET_PATHS = "\"OsakaCorona/Preview Content\"";
				DEVELOPMENT_TEAM = 4UDW6XQQCM;
				ENABLE_PREVIEWS = YES;
				INFOPLIST_FILE = OsakaCorona/Info.plist;
				IPHONEOS_DEPLOYMENT_TARGET = 14.0;
				LD_RUNPATH_SEARCH_PATHS = (
					"$(inherited)",
					"@executable_path/Frameworks",
				);
				PRODUCT_BUNDLE_IDENTIFIER = "com.peanuts-code.OsakaCorona";
				PRODUCT_NAME = "$(TARGET_NAME)";
				SWIFT_VERSION = 5.0;
				TARGETED_DEVICE_FAMILY = "1,2";
			};
			name = Debug;
		};
		1797A60126A5279200680A03 /* Release */ = {
			isa = XCBuildConfiguration;
			buildSettings = {
				ASSETCATALOG_COMPILER_APPICON_NAME = AppIcon;
				ASSETCATALOG_COMPILER_GLOBAL_ACCENT_COLOR_NAME = AccentColor;
				CODE_SIGN_STYLE = Automatic;
				DEVELOPMENT_ASSET_PATHS = "\"OsakaCorona/Preview Content\"";
				DEVELOPMENT_TEAM = 4UDW6XQQCM;
				ENABLE_PREVIEWS = YES;
				INFOPLIST_FILE = OsakaCorona/Info.plist;
				IPHONEOS_DEPLOYMENT_TARGET = 14.0;
				LD_RUNPATH_SEARCH_PATHS = (
					"$(inherited)",
					"@executable_path/Frameworks",
				);
				PRODUCT_BUNDLE_IDENTIFIER = "com.peanuts-code.OsakaCorona";
				PRODUCT_NAME = "$(TARGET_NAME)";
				SWIFT_VERSION = 5.0;
				TARGETED_DEVICE_FAMILY = "1,2";
			};
			name = Release;
		};
		1797A60326A5279200680A03 /* Debug */ = {
			isa = XCBuildConfiguration;
			buildSettings = {
				ALWAYS_EMBED_SWIFT_STANDARD_LIBRARIES = YES;
				BUNDLE_LOADER = "$(TEST_HOST)";
				CODE_SIGN_STYLE = Automatic;
				DEVELOPMENT_TEAM = 4UDW6XQQCM;
				INFOPLIST_FILE = OsakaCoronaTests/Info.plist;
				IPHONEOS_DEPLOYMENT_TARGET = 14.0;
				LD_RUNPATH_SEARCH_PATHS = (
					"$(inherited)",
					"@executable_path/Frameworks",
					"@loader_path/Frameworks",
				);
				PRODUCT_BUNDLE_IDENTIFIER = "com.peanuts-code.OsakaCoronaTests";
				PRODUCT_NAME = "$(TARGET_NAME)";
				SWIFT_VERSION = 5.0;
				TARGETED_DEVICE_FAMILY = "1,2";
				TEST_HOST = "$(BUILT_PRODUCTS_DIR)/OsakaCorona.app/OsakaCorona";
			};
			name = Debug;
		};
		1797A60426A5279200680A03 /* Release */ = {
			isa = XCBuildConfiguration;
			buildSettings = {
				ALWAYS_EMBED_SWIFT_STANDARD_LIBRARIES = YES;
				BUNDLE_LOADER = "$(TEST_HOST)";
				CODE_SIGN_STYLE = Automatic;
				DEVELOPMENT_TEAM = 4UDW6XQQCM;
				INFOPLIST_FILE = OsakaCoronaTests/Info.plist;
				IPHONEOS_DEPLOYMENT_TARGET = 14.0;
				LD_RUNPATH_SEARCH_PATHS = (
					"$(inherited)",
					"@executable_path/Frameworks",
					"@loader_path/Frameworks",
				);
				PRODUCT_BUNDLE_IDENTIFIER = "com.peanuts-code.OsakaCoronaTests";
				PRODUCT_NAME = "$(TARGET_NAME)";
				SWIFT_VERSION = 5.0;
				TARGETED_DEVICE_FAMILY = "1,2";
				TEST_HOST = "$(BUILT_PRODUCTS_DIR)/OsakaCorona.app/OsakaCorona";
			};
			name = Release;
		};
		1797A60626A5279200680A03 /* Debug */ = {
			isa = XCBuildConfiguration;
			buildSettings = {
				ALWAYS_EMBED_SWIFT_STANDARD_LIBRARIES = YES;
				CODE_SIGN_STYLE = Automatic;
				DEVELOPMENT_TEAM = 4UDW6XQQCM;
				INFOPLIST_FILE = OsakaCoronaUITests/Info.plist;
				LD_RUNPATH_SEARCH_PATHS = (
					"$(inherited)",
					"@executable_path/Frameworks",
					"@loader_path/Frameworks",
				);
				PRODUCT_BUNDLE_IDENTIFIER = "com.peanuts-code.OsakaCoronaUITests";
				PRODUCT_NAME = "$(TARGET_NAME)";
				SWIFT_VERSION = 5.0;
				TARGETED_DEVICE_FAMILY = "1,2";
				TEST_TARGET_NAME = OsakaCorona;
			};
			name = Debug;
		};
		1797A60726A5279200680A03 /* Release */ = {
			isa = XCBuildConfiguration;
			buildSettings = {
				ALWAYS_EMBED_SWIFT_STANDARD_LIBRARIES = YES;
				CODE_SIGN_STYLE = Automatic;
				DEVELOPMENT_TEAM = 4UDW6XQQCM;
				INFOPLIST_FILE = OsakaCoronaUITests/Info.plist;
				LD_RUNPATH_SEARCH_PATHS = (
					"$(inherited)",
					"@executable_path/Frameworks",
					"@loader_path/Frameworks",
				);
				PRODUCT_BUNDLE_IDENTIFIER = "com.peanuts-code.OsakaCoronaUITests";
				PRODUCT_NAME = "$(TARGET_NAME)";
				SWIFT_VERSION = 5.0;
				TARGETED_DEVICE_FAMILY = "1,2";
				TEST_TARGET_NAME = OsakaCorona;
			};
			name = Release;
		};
/* End XCBuildConfiguration section */

/* Begin XCConfigurationList section */
		1797A5D526A5279100680A03 /* Build configuration list for PBXProject "OsakaCorona" */ = {
			isa = XCConfigurationList;
			buildConfigurations = (
				1797A5FD26A5279200680A03 /* Debug */,
				1797A5FE26A5279200680A03 /* Release */,
			);
			defaultConfigurationIsVisible = 0;
			defaultConfigurationName = Release;
		};
		1797A5FF26A5279200680A03 /* Build configuration list for PBXNativeTarget "OsakaCorona" */ = {
			isa = XCConfigurationList;
			buildConfigurations = (
				1797A60026A5279200680A03 /* Debug */,
				1797A60126A5279200680A03 /* Release */,
			);
			defaultConfigurationIsVisible = 0;
			defaultConfigurationName = Release;
		};
		1797A60226A5279200680A03 /* Build configuration list for PBXNativeTarget "OsakaCoronaTests" */ = {
			isa = XCConfigurationList;
			buildConfigurations = (
				1797A60326A5279200680A03 /* Debug */,
				1797A60426A5279200680A03 /* Release */,
			);
			defaultConfigurationIsVisible = 0;
			defaultConfigurationName = Release;
		};
		1797A60526A5279200680A03 /* Build configuration list for PBXNativeTarget "OsakaCoronaUITests" */ = {
			isa = XCConfigurationList;
			buildConfigurations = (
				1797A60626A5279200680A03 /* Debug */,
				1797A60726A5279200680A03 /* Release */,
			);
			defaultConfigurationIsVisible = 0;
			defaultConfigurationName = Release;
		};
/* End XCConfigurationList section */

/* Begin XCRemoteSwiftPackageReference section */
		1797A60826A527A200680A03 /* XCRemoteSwiftPackageReference "chartview" */ = {
			isa = XCRemoteSwiftPackageReference;
			repositoryURL = "https://github.com/apppear/chartview.git";
			requirement = {
				kind = upToNextMajorVersion;
				minimumVersion = 1.5.5;
			};
		};
/* End XCRemoteSwiftPackageReference section */

/* Begin XCSwiftPackageProductDependency section */
		1797A60926A527A200680A03 /* SwiftUICharts */ = {
			isa = XCSwiftPackageProductDependency;
			package = 1797A60826A527A200680A03 /* XCRemoteSwiftPackageReference "chartview" */;
			productName = SwiftUICharts;
		};
/* End XCSwiftPackageProductDependency section */
	};
	rootObject = 1797A5D226A5279100680A03 /* Project object */;
}
